
Microsoft Visual Studio Solution File, Format Version 12.00
# Visual Studio Version 17
VisualStudioVersion = 17.8.34511.84
MinimumVisualStudioVersion = 10.0.40219.1
Project("{FAE04EC0-301F-11D3-BF4B-00C04F79EFBC}") = "aurora_be", "aurora_be.csproj", "{01F6473A-FA8A-4AEE-83F4-CA1BB5E886B4}"
EndProject
Global
	GlobalSection(SolutionConfigurationPlatforms) = preSolution
		Debug|Any CPU = Debug|Any CPU
		Release|Any CPU = Release|Any CPU
	EndGlobalSection
	GlobalSection(ProjectConfigurationPlatforms) = postSolution
		{01F6473A-FA8A-4AEE-83F4-CA1BB5E886B4}.Debug|Any CPU.ActiveCfg = Debug|Any CPU
		{01F6473A-FA8A-4AEE-83F4-CA1BB5E886B4}.Debug|Any CPU.Build.0 = Debug|Any CPU
		{01F6473A-FA8A-4AEE-83F4-CA1BB5E886B4}.Release|Any CPU.ActiveCfg = Release|Any CPU
		{01F6473A-FA8A-4AEE-83F4-CA1BB5E886B4}.Release|Any CPU.Build.0 = Release|Any CPU
	EndGlobalSection
	GlobalSection(SolutionProperties) = preSolution
		HideSolutionNode = FALSE
	EndGlobalSection
	GlobalSection(ExtensibilityGlobals) = postSolution
		SolutionGuid = {1108F302-75DA-4297-BC66-E313DBAB75DB}
	EndGlobalSection
EndGlobal
